
Microsoft Visual Studio Solution File, Format Version 12.00
# Visual Studio 15
VisualStudioVersion = 15.0.28307.852
MinimumVisualStudioVersion = 10.0.40219.1
Project("{FAE04EC0-301F-11D3-BF4B-00C04F79EFBC}") = "QuanLyTuyenSinh", "QuanLyTuyenSinh\QuanLyTuyenSinh.csproj", "{0A493DB6-1489-434A-9372-4FCBC974AE83}"
EndProject
Global
	GlobalSection(SolutionConfigurationPlatforms) = preSolution
		Debug|Any CPU = Debug|Any CPU
		Release|Any CPU = Release|Any CPU
	EndGlobalSection
	GlobalSection(ProjectConfigurationPlatforms) = postSolution
		{0A493DB6-1489-434A-9372-4FCBC974AE83}.Debug|Any CPU.ActiveCfg = Debug|Any CPU
		{0A493DB6-1489-434A-9372-4FCBC974AE83}.Debug|Any CPU.Build.0 = Debug|Any CPU
		{0A493DB6-1489-434A-9372-4FCBC974AE83}.Release|Any CPU.ActiveCfg = Release|Any CPU
		{0A493DB6-1489-434A-9372-4FCBC974AE83}.Release|Any CPU.Build.0 = Release|Any CPU
	EndGlobalSection
	GlobalSection(SolutionProperties) = preSolution
		HideSolutionNode = FALSE
	EndGlobalSection
	GlobalSection(ExtensibilityGlobals) = postSolution
		SolutionGuid = {52BBE422-8215-48B8-8485-6ACDA49F1913}
	EndGlobalSection
EndGlobal
